{
  "name": "major-project",
  "version": "1.0.0",
  "lockfileVersion": 3,
  "requires": true,
  "packages": {
    "": {
      "name": "major-project",
      "version": "1.0.0",
      "license": "ISC",
      "dependencies": {
        "major-project": "file:opt/render/project/src"
      },
      "devDependencies": {}
    },
    "node_modules/major-project": {
      "resolved": "opt/render/project/src",
      "link": true
    },
    "opt/render/project/src": {
      "name": "package.json",
      "version": "1.0.0",
      "license": "ISC",
      "dependencies": {
        "major-project": "file:opt/render/project/src"
      }
    },
    "opt/render/project/src/node_modules/major-project": {
      "resolved": "opt/render/project/src/opt/render/project/src",
      "link": true
    },
    "opt/render/project/src/opt/render/project/src": {}
  }
}
